// !$*UTF8*$!
{
	archiveVersion = 1;
	classes = {
	};
	objectVersion = 50;
	objects = {

/* Begin PBXBuildFile section */
		55CB65AD2390E535009DA2D9 /* AppDelegate.swift in Sources */ = {isa = PBXBuildFile; fileRef = 55CB65AC2390E535009DA2D9 /* AppDelegate.swift */; };
		55CB65AF2390E535009DA2D9 /* SceneDelegate.swift in Sources */ = {isa = PBXBuildFile; fileRef = 55CB65AE2390E535009DA2D9 /* SceneDelegate.swift */; };
		55CB65B12390E535009DA2D9 /* ViewController.swift in Sources */ = {isa = PBXBuildFile; fileRef = 55CB65B02390E535009DA2D9 /* ViewController.swift */; };
		55CB65B42390E535009DA2D9 /* Main.storyboard in Resources */ = {isa = PBXBuildFile; fileRef = 55CB65B22390E535009DA2D9 /* Main.storyboard */; };
		55CB65B62390E536009DA2D9 /* Assets.xcassets in Resources */ = {isa = PBXBuildFile; fileRef = 55CB65B52390E536009DA2D9 /* Assets.xcassets */; };
		55CB65B92390E536009DA2D9 /* LaunchScreen.storyboard in Resources */ = {isa = PBXBuildFile; fileRef = 55CB65B72390E536009DA2D9 /* LaunchScreen.storyboard */; };
		55CB65C1239102EC009DA2D9 /* NewItemViewController.swift in Sources */ = {isa = PBXBuildFile; fileRef = 55CB65C0239102EC009DA2D9 /* NewItemViewController.swift */; };
		55CB65C323910DA7009DA2D9 /* ItemViewController.swift in Sources */ = {isa = PBXBuildFile; fileRef = 55CB65C223910DA7009DA2D9 /* ItemViewController.swift */; };
		55CB65C523911712009DA2D9 /* Item.swift in Sources */ = {isa = PBXBuildFile; fileRef = 55CB65C423911712009DA2D9 /* Item.swift */; };
/* End PBXBuildFile section */

/* Begin PBXFileReference section */
		55CB65A92390E535009DA2D9 /* swift_app.app */ = {isa = PBXFileReference; explicitFileType = wrapper.application; includeInIndex = 0; path = swift_app.app; sourceTree = BUILT_PRODUCTS_DIR; };
		55CB65AC2390E535009DA2D9 /* AppDelegate.swift */ = {isa = PBXFileReference; lastKnownFileType = sourcecode.swift; path = AppDelegate.swift; sourceTree = "<group>"; };
		55CB65AE2390E535009DA2D9 /* SceneDelegate.swift */ = {isa = PBXFileReference; lastKnownFileType = sourcecode.swift; path = SceneDelegate.swift; sourceTree = "<group>"; };
		55CB65B02390E535009DA2D9 /* ViewController.swift */ = {isa = PBXFileReference; lastKnownFileType = sourcecode.swift; path = ViewController.swift; sourceTree = "<group>"; };
		55CB65B32390E535009DA2D9 /* Base */ = {isa = PBXFileReference; lastKnownFileType = file.storyboard; name = Base; path = Base.lproj/Main.storyboard; sourceTree = "<group>"; };
		55CB65B52390E536009DA2D9 /* Assets.xcassets */ = {isa = PBXFileReference; lastKnownFileType = folder.assetcatalog; path = Assets.xcassets; sourceTree = "<group>"; };
		55CB65B82390E536009DA2D9 /* Base */ = {isa = PBXFileReference; lastKnownFileType = file.storyboard; name = Base; path = Base.lproj/LaunchScreen.storyboard; sourceTree = "<group>"; };
		55CB65BA2390E536009DA2D9 /* Info.plist */ = {isa = PBXFileReference; lastKnownFileType = text.plist.xml; path = Info.plist; sourceTree = "<group>"; };
		55CB65C0239102EC009DA2D9 /* NewItemViewController.swift */ = {isa = PBXFileReference; lastKnownFileType = sourcecode.swift; path = NewItemViewController.swift; sourceTree = "<group>"; };
		55CB65C223910DA7009DA2D9 /* ItemViewController.swift */ = {isa = PBXFileReference; lastKnownFileType = sourcecode.swift; path = ItemViewController.swift; sourceTree = "<group>"; };
		55CB65C423911712009DA2D9 /* Item.swift */ = {isa = PBXFileReference; lastKnownFileType = sourcecode.swift; path = Item.swift; sourceTree = "<group>"; };
/* End PBXFileReference section */

/* Begin PBXFrameworksBuildPhase section */
		55CB65A62390E535009DA2D9 /* Frameworks */ = {
			isa = PBXFrameworksBuildPhase;
			buildActionMask = 2147483647;
			files = (
			);
			runOnlyForDeploymentPostprocessing = 0;
		};
/* End PBXFrameworksBuildPhase section */

/* Begin PBXGroup section */
		55CB65A02390E534009DA2D9 = {
			isa = PBXGroup;
			children = (
				55CB65AB2390E535009DA2D9 /* swift_app */,
				55CB65AA2390E535009DA2D9 /* Products */,
			);
			sourceTree = "<group>";
		};
		55CB65AA2390E535009DA2D9 /* Products */ = {
			isa = PBXGroup;
			children = (
				55CB65A92390E535009DA2D9 /* swift_app.app */,
			);
			name = Products;
			sourceTree = "<group>";
		};
		55CB65AB2390E535009DA2D9 /* swift_app */ = {
			isa = PBXGroup;
			children = (
				55CB65AC2390E535009DA2D9 /* AppDelegate.swift */,
				55CB65AE2390E535009DA2D9 /* SceneDelegate.swift */,
				55CB65B02390E535009DA2D9 /* ViewController.swift */,
				55CB65B22390E535009DA2D9 /* Main.storyboard */,
				55CB65B52390E536009DA2D9 /* Assets.xcassets */,
				55CB65B72390E536009DA2D9 /* LaunchScreen.storyboard */,
				55CB65BA2390E536009DA2D9 /* Info.plist */,
				55CB65C0239102EC009DA2D9 /* NewItemViewController.swift */,
				55CB65C223910DA7009DA2D9 /* ItemViewController.swift */,
				55CB65C423911712009DA2D9 /* Item.swift */,
			);
			path = swift_app;
			sourceTree = "<group>";
		};
/* End PBXGroup section */

/* Begin PBXNativeTarget section */
		55CB65A82390E535009DA2D9 /* swift_app */ = {
			isa = PBXNativeTarget;
			buildConfigurationList = 55CB65BD2390E536009DA2D9 /* Build configuration list for PBXNativeTarget "swift_app" */;
			buildPhases = (
				55CB65A52390E535009DA2D9 /* Sources */,
				55CB65A62390E535009DA2D9 /* Frameworks */,
				55CB65A72390E535009DA2D9 /* Resources */,
			);
			buildRules = (
			);
			dependencies = (
			);
			name = swift_app;
			productName = swift_app;
			productReference = 55CB65A92390E535009DA2D9 /* swift_app.app */;
			productType = "com.apple.product-type.application";
		};
/* End PBXNativeTarget section */

/* Begin PBXProject section */
		55CB65A12390E534009DA2D9 /* Project object */ = {
			isa = PBXProject;
			attributes = {
				LastSwiftUpdateCheck = 1120;
				LastUpgradeCheck = 1120;
				ORGANIZATIONNAME = glumes;
				TargetAttributes = {
					55CB65A82390E535009DA2D9 = {
						CreatedOnToolsVersion = 11.2.1;
					};
				};
			};
			buildConfigurationList = 55CB65A42390E534009DA2D9 /* Build configuration list for PBXProject "swift_app" */;
			compatibilityVersion = "Xcode 9.3";
			developmentRegion = en;
			hasScannedForEncodings = 0;
			knownRegions = (
				en,
				Base,
			);
			mainGroup = 55CB65A02390E534009DA2D9;
			productRefGroup = 55CB65AA2390E535009DA2D9 /* Products */;
			projectDirPath = "";
			projectRoot = "";
			targets = (
				55CB65A82390E535009DA2D9 /* swift_app */,
			);
		};
/* End PBXProject section */

/* Begin PBXResourcesBuildPhase section */
		55CB65A72390E535009DA2D9 /* Resources */ = {
			isa = PBXResourcesBuildPhase;
			buildActionMask = 2147483647;
			files = (
				55CB65B92390E536009DA2D9 /* LaunchScreen.storyboard in Resources */,
				55CB65B62390E536009DA2D9 /* Assets.xcassets in Resources */,
				55CB65B42390E535009DA2D9 /* Main.storyboard in Resources */,
			);
			runOnlyForDeploymentPostprocessing = 0;
		};
/* End PBXResourcesBuildPhase section */

/* Begin PBXSourcesBuildPhase section */
		55CB65A52390E535009DA2D9 /* Sources */ = {
			isa = PBXSourcesBuildPhase;
			buildActionMask = 2147483647;
			files = (
				55CB65B12390E535009DA2D9 /* ViewController.swift in Sources */,
				55CB65AD2390E535009DA2D9 /* AppDelegate.swift in Sources */,
				55CB65C323910DA7009DA2D9 /* ItemViewController.swift in Sources */,
				55CB65C1239102EC009DA2D9 /* NewItemViewController.swift in Sources */,
				55CB65C523911712009DA2D9 /* Item.swift in Sources */,
				55CB65AF2390E535009DA2D9 /* SceneDelegate.swift in Sources */,
			);
			runOnlyForDeploymentPostprocessing = 0;
		};
/* End PBXSourcesBuildPhase section */

/* Begin PBXVariantGroup section */
		55CB65B22390E535009DA2D9 /* Main.storyboard */ = {
			isa = PBXVariantGroup;
			children = (
				55CB65B32390E535009DA2D9 /* Base */,
			);
			name = Main.storyboard;
			sourceTree = "<group>";
		};
		55CB65B72390E536009DA2D9 /* LaunchScreen.storyboard */ = {
			isa = PBXVariantGroup;
			children = (
				55CB65B82390E536009DA2D9 /* Base */,
			);
			name = LaunchScreen.storyboard;
			sourceTree = "<group>";
		};
/* End PBXVariantGroup section */

/* Begin XCBuildConfiguration section */
		55CB65BB2390E536009DA2D9 /* Debug */ = {
			isa = XCBuildConfiguration;
			buildSettings = {
				ALWAYS_SEARCH_USER_PATHS = NO;
				CLANG_ANALYZER_NONNULL = YES;
				CLANG_ANALYZER_NUMBER_OBJECT_CONVERSION = YES_AGGRESSIVE;
				CLANG_CXX_LANGUAGE_STANDARD = "gnu++14";
				CLANG_CXX_LIBRARY = "libc++";
				CLANG_ENABLE_MODULES = YES;
				CLANG_ENABLE_OBJC_ARC = YES;
				CLANG_ENABLE_OBJC_WEAK = YES;
				CLANG_WARN_BLOCK_CAPTURE_AUTORELEASING = YES;
				CLANG_WARN_BOOL_CONVERSION = YES;
				CLANG_WARN_COMMA = YES;
				CLANG_WARN_CONSTANT_CONVERSION = YES;
				CLANG_WARN_DEPRECATED_OBJC_IMPLEMENTATIONS = YES;
				CLANG_WARN_DIRECT_OBJC_ISA_USAGE = YES_ERROR;
				CLANG_WARN_DOCUMENTATION_COMMENTS = YES;
				CLANG_WARN_EMPTY_BODY = YES;
				CLANG_WARN_ENUM_CONVERSION = YES;
				CLANG_WARN_INFINITE_RECURSION = YES;
				CLANG_WARN_INT_CONVERSION = YES;
				CLANG_WARN_NON_LITERAL_NULL_CONVERSION = YES;
				CLANG_WARN_OBJC_IMPLICIT_RETAIN_SELF = YES;
				CLANG_WARN_OBJC_LITERAL_CONVERSION = YES;
				CLANG_WARN_OBJC_ROOT_CLASS = YES_ERROR;
				CLANG_WARN_RANGE_LOOP_ANALYSIS = YES;
				CLANG_WARN_STRICT_PROTOTYPES = YES;
				CLANG_WARN_SUSPICIOUS_MOVE = YES;
				CLANG_WARN_UNGUARDED_AVAILABILITY = YES_AGGRESSIVE;
				CLANG_WARN_UNREACHABLE_CODE = YES;
				CLANG_WARN__DUPLICATE_METHOD_MATCH = YES;
				COPY_PHASE_STRIP = NO;
				DEBUG_INFORMATION_FORMAT = dwarf;
				ENABLE_STRICT_OBJC_MSGSEND = YES;
				ENABLE_TESTABILITY = YES;
				GCC_C_LANGUAGE_STANDARD = gnu11;
				GCC_DYNAMIC_NO_PIC = NO;
				GCC_NO_COMMON_BLOCKS = YES;
				GCC_OPTIMIZATION_LEVEL = 0;
				GCC_PREPROCESSOR_DEFINITIONS = (
					"DEBUG=1",
					"$(inherited)",
				);
				GCC_WARN_64_TO_32_BIT_CONVERSION = YES;
				GCC_WARN_ABOUT_RETURN_TYPE = YES_ERROR;
				GCC_WARN_UNDECLARED_SELECTOR = YES;
				GCC_WARN_UNINITIALIZED_AUTOS = YES_AGGRESSIVE;
				GCC_WARN_UNUSED_FUNCTION = YES;
				GCC_WARN_UNUSED_VARIABLE = YES;
				IPHONEOS_DEPLOYMENT_TARGET = 13.2;
				MTL_ENABLE_DEBUG_INFO = INCLUDE_SOURCE;
				MTL_FAST_MATH = YES;
				ONLY_ACTIVE_ARCH = YES;
				SDKROOT = iphoneos;
				SWIFT_ACTIVE_COMPILATION_CONDITIONS = DEBUG;
				SWIFT_OPTIMIZATION_LEVEL = "-Onone";
			};
			name = Debug;
		};
		55CB65BC2390E536009DA2D9 /* Release */ = {
			isa = XCBuildConfiguration;
			buildSettings = {
				ALWAYS_SEARCH_USER_PATHS = NO;
				CLANG_ANALYZER_NONNULL = YES;
				CLANG_ANALYZER_NUMBER_OBJECT_CONVERSION = YES_AGGRESSIVE;
				CLANG_CXX_LANGUAGE_STANDARD = "gnu++14";
				CLANG_CXX_LIBRARY = "libc++";
				CLANG_ENABLE_MODULES = YES;
				CLANG_ENABLE_OBJC_ARC = YES;
				CLANG_ENABLE_OBJC_WEAK = YES;
				CLANG_WARN_BLOCK_CAPTURE_AUTORELEASING = YES;
				CLANG_WARN_BOOL_CONVERSION = YES;
				CLANG_WARN_COMMA = YES;
				CLANG_WARN_CONSTANT_CONVERSION = YES;
				CLANG_WARN_DEPRECATED_OBJC_IMPLEMENTATIONS = YES;
				CLANG_WARN_DIRECT_OBJC_ISA_USAGE = YES_ERROR;
				CLANG_WARN_DOCUMENTATION_COMMENTS = YES;
				CLANG_WARN_EMPTY_BODY = YES;
				CLANG_WARN_ENUM_CONVERSION = YES;
				CLANG_WARN_INFINITE_RECURSION = YES;
				CLANG_WARN_INT_CONVERSION = YES;
				CLANG_WARN_NON_LITERAL_NULL_CONVERSION = YES;
				CLANG_WARN_OBJC_IMPLICIT_RETAIN_SELF = YES;
				CLANG_WARN_OBJC_LITERAL_CONVERSION = YES;
				CLANG_WARN_OBJC_ROOT_CLASS = YES_ERROR;
				CLANG_WARN_RANGE_LOOP_ANALYSIS = YES;
				CLANG_WARN_STRICT_PROTOTYPES = YES;
				CLANG_WARN_SUSPICIOUS_MOVE = YES;
				CLANG_WARN_UNGUARDED_AVAILABILITY = YES_AGGRESSIVE;
				CLANG_WARN_UNREACHABLE_CODE = YES;
				CLANG_WARN__DUPLICATE_METHOD_MATCH = YES;
				COPY_PHASE_STRIP = NO;
				DEBUG_INFORMATION_FORMAT = "dwarf-with-dsym";
				ENABLE_NS_ASSERTIONS = NO;
				ENABLE_STRICT_OBJC_MSGSEND = YES;
				GCC_C_LANGUAGE_STANDARD = gnu11;
				GCC_NO_COMMON_BLOCKS = YES;
				GCC_WARN_64_TO_32_BIT_CONVERSION = YES;
				GCC_WARN_ABOUT_RETURN_TYPE = YES_ERROR;
				GCC_WARN_UNDECLARED_SELECTOR = YES;
				GCC_WARN_UNINITIALIZED_AUTOS = YES_AGGRESSIVE;
				GCC_WARN_UNUSED_FUNCTION = YES;
				GCC_WARN_UNUSED_VARIABLE = YES;
				IPHONEOS_DEPLOYMENT_TARGET = 13.2;
				MTL_ENABLE_DEBUG_INFO = NO;
				MTL_FAST_MATH = YES;
				SDKROOT = iphoneos;
				SWIFT_COMPILATION_MODE = wholemodule;
				SWIFT_OPTIMIZATION_LEVEL = "-O";
				VALIDATE_PRODUCT = YES;
			};
			name = Release;
		};
		55CB65BE2390E536009DA2D9 /* Debug */ = {
			isa = XCBuildConfiguration;
			buildSettings = {
				ASSETCATALOG_COMPILER_APPICON_NAME = AppIcon;
				CODE_SIGN_STYLE = Automatic;
				DEVELOPMENT_TEAM = 5BKB45TUMT;
				INFOPLIST_FILE = swift_app/Info.plist;
				LD_RUNPATH_SEARCH_PATHS = (
					"$(inherited)",
					"@executable_path/Frameworks",
				);
				PRODUCT_BUNDLE_IDENTIFIER = "glumes.swift-app";
				PRODUCT_NAME = "$(TARGET_NAME)";
				SWIFT_VERSION = 5.0;
				TARGETED_DEVICE_FAMILY = "1,2";
			};
			name = Debug;
		};
		55CB65BF2390E536009DA2D9 /* Release */ = {
			isa = XCBuildConfiguration;
			buildSettings = {
				ASSETCATALOG_COMPILER_APPICON_NAME = AppIcon;
				CODE_SIGN_STYLE = Automatic;
				DEVELOPMENT_TEAM = 5BKB45TUMT;
				INFOPLIST_FILE = swift_app/Info.plist;
				LD_RUNPATH_SEARCH_PATHS = (
					"$(inherited)",
					"@executable_path/Frameworks",
				);
				PRODUCT_BUNDLE_IDENTIFIER = "glumes.swift-app";
				PRODUCT_NAME = "$(TARGET_NAME)";
				SWIFT_VERSION = 5.0;
				TARGETED_DEVICE_FAMILY = "1,2";
			};
			name = Release;
		};
/* End XCBuildConfiguration section */

/* Begin XCConfigurationList section */
		55CB65A42390E534009DA2D9 /* Build configuration list for PBXProject "swift_app" */ = {
			isa = XCConfigurationList;
			buildConfigurations = (
				55CB65BB2390E536009DA2D9 /* Debug */,
				55CB65BC2390E536009DA2D9 /* Release */,
			);
			defaultConfigurationIsVisible = 0;
			defaultConfigurationName = Release;
		};
		55CB65BD2390E536009DA2D9 /* Build configuration list for PBXNativeTarget "swift_app" */ = {
			isa = XCConfigurationList;
			buildConfigurations = (
				55CB65BE2390E536009DA2D9 /* Debug */,
				55CB65BF2390E536009DA2D9 /* Release */,
			);
			defaultConfigurationIsVisible = 0;
			defaultConfigurationName = Release;
		};
/* End XCConfigurationList section */
	};
	rootObject = 55CB65A12390E534009DA2D9 /* Project object */;
}
