// !$*UTF8*$!
{
	archiveVersion = 1;
	classes = {
	};
	objectVersion = 50;
	objects = {

/* Begin PBXBuildFile section */
		55E63788238D6D3E00397619 /* AppDelegate.swift in Sources */ = {isa = PBXBuildFile; fileRef = 55E63787238D6D3E00397619 /* AppDelegate.swift */; };
		55E6378A238D6D3E00397619 /* ViewController.swift in Sources */ = {isa = PBXBuildFile; fileRef = 55E63789238D6D3E00397619 /* ViewController.swift */; };
		55E6378C238D6D4000397619 /* Assets.xcassets in Resources */ = {isa = PBXBuildFile; fileRef = 55E6378B238D6D4000397619 /* Assets.xcassets */; };
		55E6378F238D6D4000397619 /* Main.storyboard in Resources */ = {isa = PBXBuildFile; fileRef = 55E6378D238D6D4000397619 /* Main.storyboard */; };
		55E63799238D6DAF00397619 /* SwiftUIView.swift in Sources */ = {isa = PBXBuildFile; fileRef = 55E63798238D6DAF00397619 /* SwiftUIView.swift */; };
/* End PBXBuildFile section */

/* Begin PBXFileReference section */
		55E63784238D6D3E00397619 /* swift_ui_for_mac.app */ = {isa = PBXFileReference; explicitFileType = wrapper.application; includeInIndex = 0; path = swift_ui_for_mac.app; sourceTree = BUILT_PRODUCTS_DIR; };
		55E63787238D6D3E00397619 /* AppDelegate.swift */ = {isa = PBXFileReference; lastKnownFileType = sourcecode.swift; path = AppDelegate.swift; sourceTree = "<group>"; };
		55E63789238D6D3E00397619 /* ViewController.swift */ = {isa = PBXFileReference; lastKnownFileType = sourcecode.swift; path = ViewController.swift; sourceTree = "<group>"; };
		55E6378B238D6D4000397619 /* Assets.xcassets */ = {isa = PBXFileReference; lastKnownFileType = folder.assetcatalog; path = Assets.xcassets; sourceTree = "<group>"; };
		55E6378E238D6D4000397619 /* Base */ = {isa = PBXFileReference; lastKnownFileType = file.storyboard; name = Base; path = Base.lproj/Main.storyboard; sourceTree = "<group>"; };
		55E63790238D6D4000397619 /* Info.plist */ = {isa = PBXFileReference; lastKnownFileType = text.plist.xml; path = Info.plist; sourceTree = "<group>"; };
		55E63791238D6D4000397619 /* swift_ui_for_mac.entitlements */ = {isa = PBXFileReference; lastKnownFileType = text.plist.entitlements; path = swift_ui_for_mac.entitlements; sourceTree = "<group>"; };
		55E63798238D6DAF00397619 /* SwiftUIView.swift */ = {isa = PBXFileReference; lastKnownFileType = sourcecode.swift; path = SwiftUIView.swift; sourceTree = "<group>"; };
/* End PBXFileReference section */

/* Begin PBXFrameworksBuildPhase section */
		55E63781238D6D3E00397619 /* Frameworks */ = {
			isa = PBXFrameworksBuildPhase;
			buildActionMask = 2147483647;
			files = (
			);
			runOnlyForDeploymentPostprocessing = 0;
		};
/* End PBXFrameworksBuildPhase section */

/* Begin PBXGroup section */
		55E6377B238D6D3E00397619 = {
			isa = PBXGroup;
			children = (
				55E63786238D6D3E00397619 /* swift_ui_for_mac */,
				55E63785238D6D3E00397619 /* Products */,
			);
			sourceTree = "<group>";
		};
		55E63785238D6D3E00397619 /* Products */ = {
			isa = PBXGroup;
			children = (
				55E63784238D6D3E00397619 /* swift_ui_for_mac.app */,
			);
			name = Products;
			sourceTree = "<group>";
		};
		55E63786238D6D3E00397619 /* swift_ui_for_mac */ = {
			isa = PBXGroup;
			children = (
				55E63797238D6D8E00397619 /* swiftui */,
				55E63787238D6D3E00397619 /* AppDelegate.swift */,
				55E63789238D6D3E00397619 /* ViewController.swift */,
				55E6378B238D6D4000397619 /* Assets.xcassets */,
				55E6378D238D6D4000397619 /* Main.storyboard */,
				55E63790238D6D4000397619 /* Info.plist */,
				55E63791238D6D4000397619 /* swift_ui_for_mac.entitlements */,
			);
			path = swift_ui_for_mac;
			sourceTree = "<group>";
		};
		55E63797238D6D8E00397619 /* swiftui */ = {
			isa = PBXGroup;
			children = (
				55E63798238D6DAF00397619 /* SwiftUIView.swift */,
			);
			path = swiftui;
			sourceTree = "<group>";
		};
/* End PBXGroup section */

/* Begin PBXNativeTarget section */
		55E63783238D6D3E00397619 /* swift_ui_for_mac */ = {
			isa = PBXNativeTarget;
			buildConfigurationList = 55E63794238D6D4000397619 /* Build configuration list for PBXNativeTarget "swift_ui_for_mac" */;
			buildPhases = (
				55E63780238D6D3E00397619 /* Sources */,
				55E63781238D6D3E00397619 /* Frameworks */,
				55E63782238D6D3E00397619 /* Resources */,
			);
			buildRules = (
			);
			dependencies = (
			);
			name = swift_ui_for_mac;
			productName = swift_ui_for_mac;
			productReference = 55E63784238D6D3E00397619 /* swift_ui_for_mac.app */;
			productType = "com.apple.product-type.application";
		};
/* End PBXNativeTarget section */

/* Begin PBXProject section */
		55E6377C238D6D3E00397619 /* Project object */ = {
			isa = PBXProject;
			attributes = {
				LastSwiftUpdateCheck = 1120;
				LastUpgradeCheck = 1120;
				ORGANIZATIONNAME = glumes;
				TargetAttributes = {
					55E63783238D6D3E00397619 = {
						CreatedOnToolsVersion = 11.2.1;
					};
				};
			};
			buildConfigurationList = 55E6377F238D6D3E00397619 /* Build configuration list for PBXProject "swift_ui_for_mac" */;
			compatibilityVersion = "Xcode 9.3";
			developmentRegion = en;
			hasScannedForEncodings = 0;
			knownRegions = (
				en,
				Base,
			);
			mainGroup = 55E6377B238D6D3E00397619;
			productRefGroup = 55E63785238D6D3E00397619 /* Products */;
			projectDirPath = "";
			projectRoot = "";
			targets = (
				55E63783238D6D3E00397619 /* swift_ui_for_mac */,
			);
		};
/* End PBXProject section */

/* Begin PBXResourcesBuildPhase section */
		55E63782238D6D3E00397619 /* Resources */ = {
			isa = PBXResourcesBuildPhase;
			buildActionMask = 2147483647;
			files = (
				55E6378C238D6D4000397619 /* Assets.xcassets in Resources */,
				55E6378F238D6D4000397619 /* Main.storyboard in Resources */,
			);
			runOnlyForDeploymentPostprocessing = 0;
		};
/* End PBXResourcesBuildPhase section */

/* Begin PBXSourcesBuildPhase section */
		55E63780238D6D3E00397619 /* Sources */ = {
			isa = PBXSourcesBuildPhase;
			buildActionMask = 2147483647;
			files = (
				55E6378A238D6D3E00397619 /* ViewController.swift in Sources */,
				55E63788238D6D3E00397619 /* AppDelegate.swift in Sources */,
				55E63799238D6DAF00397619 /* SwiftUIView.swift in Sources */,
			);
			runOnlyForDeploymentPostprocessing = 0;
		};
/* End PBXSourcesBuildPhase section */

/* Begin PBXVariantGroup section */
		55E6378D238D6D4000397619 /* Main.storyboard */ = {
			isa = PBXVariantGroup;
			children = (
				55E6378E238D6D4000397619 /* Base */,
			);
			name = Main.storyboard;
			sourceTree = "<group>";
		};
/* End PBXVariantGroup section */

/* Begin XCBuildConfiguration section */
		55E63792238D6D4000397619 /* Debug */ = {
			isa = XCBuildConfiguration;
			buildSettings = {
				ALWAYS_SEARCH_USER_PATHS = NO;
				CLANG_ANALYZER_NONNULL = YES;
				CLANG_ANALYZER_NUMBER_OBJECT_CONVERSION = YES_AGGRESSIVE;
				CLANG_CXX_LANGUAGE_STANDARD = "gnu++14";
				CLANG_CXX_LIBRARY = "libc++";
				CLANG_ENABLE_MODULES = YES;
				CLANG_ENABLE_OBJC_ARC = YES;
				CLANG_ENABLE_OBJC_WEAK = YES;
				CLANG_WARN_BLOCK_CAPTURE_AUTORELEASING = YES;
				CLANG_WARN_BOOL_CONVERSION = YES;
				CLANG_WARN_COMMA = YES;
				CLANG_WARN_CONSTANT_CONVERSION = YES;
				CLANG_WARN_DEPRECATED_OBJC_IMPLEMENTATIONS = YES;
				CLANG_WARN_DIRECT_OBJC_ISA_USAGE = YES_ERROR;
				CLANG_WARN_DOCUMENTATION_COMMENTS = YES;
				CLANG_WARN_EMPTY_BODY = YES;
				CLANG_WARN_ENUM_CONVERSION = YES;
				CLANG_WARN_INFINITE_RECURSION = YES;
				CLANG_WARN_INT_CONVERSION = YES;
				CLANG_WARN_NON_LITERAL_NULL_CONVERSION = YES;
				CLANG_WARN_OBJC_IMPLICIT_RETAIN_SELF = YES;
				CLANG_WARN_OBJC_LITERAL_CONVERSION = YES;
				CLANG_WARN_OBJC_ROOT_CLASS = YES_ERROR;
				CLANG_WARN_RANGE_LOOP_ANALYSIS = YES;
				CLANG_WARN_STRICT_PROTOTYPES = YES;
				CLANG_WARN_SUSPICIOUS_MOVE = YES;
				CLANG_WARN_UNGUARDED_AVAILABILITY = YES_AGGRESSIVE;
				CLANG_WARN_UNREACHABLE_CODE = YES;
				CLANG_WARN__DUPLICATE_METHOD_MATCH = YES;
				COPY_PHASE_STRIP = NO;
				DEBUG_INFORMATION_FORMAT = dwarf;
				ENABLE_STRICT_OBJC_MSGSEND = YES;
				ENABLE_TESTABILITY = YES;
				GCC_C_LANGUAGE_STANDARD = gnu11;
				GCC_DYNAMIC_NO_PIC = NO;
				GCC_NO_COMMON_BLOCKS = YES;
				GCC_OPTIMIZATION_LEVEL = 0;
				GCC_PREPROCESSOR_DEFINITIONS = (
					"DEBUG=1",
					"$(inherited)",
				);
				GCC_WARN_64_TO_32_BIT_CONVERSION = YES;
				GCC_WARN_ABOUT_RETURN_TYPE = YES_ERROR;
				GCC_WARN_UNDECLARED_SELECTOR = YES;
				GCC_WARN_UNINITIALIZED_AUTOS = YES_AGGRESSIVE;
				GCC_WARN_UNUSED_FUNCTION = YES;
				GCC_WARN_UNUSED_VARIABLE = YES;
				MACOSX_DEPLOYMENT_TARGET = 10.15;
				MTL_ENABLE_DEBUG_INFO = INCLUDE_SOURCE;
				MTL_FAST_MATH = YES;
				ONLY_ACTIVE_ARCH = YES;
				SDKROOT = macosx;
				SWIFT_ACTIVE_COMPILATION_CONDITIONS = DEBUG;
				SWIFT_OPTIMIZATION_LEVEL = "-Onone";
			};
			name = Debug;
		};
		55E63793238D6D4000397619 /* Release */ = {
			isa = XCBuildConfiguration;
			buildSettings = {
				ALWAYS_SEARCH_USER_PATHS = NO;
				CLANG_ANALYZER_NONNULL = YES;
				CLANG_ANALYZER_NUMBER_OBJECT_CONVERSION = YES_AGGRESSIVE;
				CLANG_CXX_LANGUAGE_STANDARD = "gnu++14";
				CLANG_CXX_LIBRARY = "libc++";
				CLANG_ENABLE_MODULES = YES;
				CLANG_ENABLE_OBJC_ARC = YES;
				CLANG_ENABLE_OBJC_WEAK = YES;
				CLANG_WARN_BLOCK_CAPTURE_AUTORELEASING = YES;
				CLANG_WARN_BOOL_CONVERSION = YES;
				CLANG_WARN_COMMA = YES;
				CLANG_WARN_CONSTANT_CONVERSION = YES;
				CLANG_WARN_DEPRECATED_OBJC_IMPLEMENTATIONS = YES;
				CLANG_WARN_DIRECT_OBJC_ISA_USAGE = YES_ERROR;
				CLANG_WARN_DOCUMENTATION_COMMENTS = YES;
				CLANG_WARN_EMPTY_BODY = YES;
				CLANG_WARN_ENUM_CONVERSION = YES;
				CLANG_WARN_INFINITE_RECURSION = YES;
				CLANG_WARN_INT_CONVERSION = YES;
				CLANG_WARN_NON_LITERAL_NULL_CONVERSION = YES;
				CLANG_WARN_OBJC_IMPLICIT_RETAIN_SELF = YES;
				CLANG_WARN_OBJC_LITERAL_CONVERSION = YES;
				CLANG_WARN_OBJC_ROOT_CLASS = YES_ERROR;
				CLANG_WARN_RANGE_LOOP_ANALYSIS = YES;
				CLANG_WARN_STRICT_PROTOTYPES = YES;
				CLANG_WARN_SUSPICIOUS_MOVE = YES;
				CLANG_WARN_UNGUARDED_AVAILABILITY = YES_AGGRESSIVE;
				CLANG_WARN_UNREACHABLE_CODE = YES;
				CLANG_WARN__DUPLICATE_METHOD_MATCH = YES;
				COPY_PHASE_STRIP = NO;
				DEBUG_INFORMATION_FORMAT = "dwarf-with-dsym";
				ENABLE_NS_ASSERTIONS = NO;
				ENABLE_STRICT_OBJC_MSGSEND = YES;
				GCC_C_LANGUAGE_STANDARD = gnu11;
				GCC_NO_COMMON_BLOCKS = YES;
				GCC_WARN_64_TO_32_BIT_CONVERSION = YES;
				GCC_WARN_ABOUT_RETURN_TYPE = YES_ERROR;
				GCC_WARN_UNDECLARED_SELECTOR = YES;
				GCC_WARN_UNINITIALIZED_AUTOS = YES_AGGRESSIVE;
				GCC_WARN_UNUSED_FUNCTION = YES;
				GCC_WARN_UNUSED_VARIABLE = YES;
				MACOSX_DEPLOYMENT_TARGET = 10.15;
				MTL_ENABLE_DEBUG_INFO = NO;
				MTL_FAST_MATH = YES;
				SDKROOT = macosx;
				SWIFT_COMPILATION_MODE = wholemodule;
				SWIFT_OPTIMIZATION_LEVEL = "-O";
			};
			name = Release;
		};
		55E63795238D6D4000397619 /* Debug */ = {
			isa = XCBuildConfiguration;
			buildSettings = {
				ASSETCATALOG_COMPILER_APPICON_NAME = AppIcon;
				CODE_SIGN_ENTITLEMENTS = swift_ui_for_mac/swift_ui_for_mac.entitlements;
				CODE_SIGN_STYLE = Automatic;
				COMBINE_HIDPI_IMAGES = YES;
				DEVELOPMENT_TEAM = 5BKB45TUMT;
				ENABLE_HARDENED_RUNTIME = YES;
				INFOPLIST_FILE = swift_ui_for_mac/Info.plist;
				LD_RUNPATH_SEARCH_PATHS = (
					"$(inherited)",
					"@executable_path/../Frameworks",
				);
				PRODUCT_BUNDLE_IDENTIFIER = "glumes.swift-ui-for-mac";
				PRODUCT_NAME = "$(TARGET_NAME)";
				SWIFT_VERSION = 5.0;
			};
			name = Debug;
		};
		55E63796238D6D4000397619 /* Release */ = {
			isa = XCBuildConfiguration;
			buildSettings = {
				ASSETCATALOG_COMPILER_APPICON_NAME = AppIcon;
				CODE_SIGN_ENTITLEMENTS = swift_ui_for_mac/swift_ui_for_mac.entitlements;
				CODE_SIGN_STYLE = Automatic;
				COMBINE_HIDPI_IMAGES = YES;
				DEVELOPMENT_TEAM = 5BKB45TUMT;
				ENABLE_HARDENED_RUNTIME = YES;
				INFOPLIST_FILE = swift_ui_for_mac/Info.plist;
				LD_RUNPATH_SEARCH_PATHS = (
					"$(inherited)",
					"@executable_path/../Frameworks",
				);
				PRODUCT_BUNDLE_IDENTIFIER = "glumes.swift-ui-for-mac";
				PRODUCT_NAME = "$(TARGET_NAME)";
				SWIFT_VERSION = 5.0;
			};
			name = Release;
		};
/* End XCBuildConfiguration section */

/* Begin XCConfigurationList section */
		55E6377F238D6D3E00397619 /* Build configuration list for PBXProject "swift_ui_for_mac" */ = {
			isa = XCConfigurationList;
			buildConfigurations = (
				55E63792238D6D4000397619 /* Debug */,
				55E63793238D6D4000397619 /* Release */,
			);
			defaultConfigurationIsVisible = 0;
			defaultConfigurationName = Release;
		};
		55E63794238D6D4000397619 /* Build configuration list for PBXNativeTarget "swift_ui_for_mac" */ = {
			isa = XCConfigurationList;
			buildConfigurations = (
				55E63795238D6D4000397619 /* Debug */,
				55E63796238D6D4000397619 /* Release */,
			);
			defaultConfigurationIsVisible = 0;
			defaultConfigurationName = Release;
		};
/* End XCConfigurationList section */
	};
	rootObject = 55E6377C238D6D3E00397619 /* Project object */;
}
